
Microsoft Visual Studio Solution File, Format Version 12.00
# Visual Studio Version 16
VisualStudioVersion = 16.0.30717.126
MinimumVisualStudioVersion = 10.0.40219.1
Project("{FAE04EC0-301F-11D3-BF4B-00C04F79EFBC}") = "ImageList", "ImageList.csproj", "{ADC3A22F-0B00-4E05-9F07-36ABA5DCB66B}"
EndProject
Global
	GlobalSection(SolutionConfigurationPlatforms) = preSolution
		Debug|Any CPU = Debug|Any CPU
		Release|Any CPU = Release|Any CPU
	EndGlobalSection
	GlobalSection(ProjectConfigurationPlatforms) = postSolution
		{ADC3A22F-0B00-4E05-9F07-36ABA5DCB66B}.Debug|Any CPU.ActiveCfg = Debug|Any CPU
		{ADC3A22F-0B00-4E05-9F07-36ABA5DCB66B}.Debug|Any CPU.Build.0 = Debug|Any CPU
		{ADC3A22F-0B00-4E05-9F07-36ABA5DCB66B}.Release|Any CPU.ActiveCfg = Release|Any CPU
		{ADC3A22F-0B00-4E05-9F07-36ABA5DCB66B}.Release|Any CPU.Build.0 = Release|Any CPU
	EndGlobalSection
	GlobalSection(SolutionProperties) = preSolution
		HideSolutionNode = FALSE
	EndGlobalSection
	GlobalSection(ExtensibilityGlobals) = postSolution
		SolutionGuid = {3DDE0821-F313-4AC1-98DE-36A48F179D61}
	EndGlobalSection
EndGlobal
